
Microsoft Visual Studio Solution File, Format Version 12.00
# Visual Studio Version 17
VisualStudioVersion = 17.10.35013.160
MinimumVisualStudioVersion = 10.0.40219.1
Project("{FAE04EC0-301F-11D3-BF4B-00C04F79EFBC}") = "MIDTERM_FINAL_EGGY", "MIDTERM_FINAL_EGGY\MIDTERM_FINAL_EGGY.csproj", "{D060A3AA-DC4D-4553-AD24-2F2DE0CEB71E}"
EndProject
Global
	GlobalSection(SolutionConfigurationPlatforms) = preSolution
		Debug|Any CPU = Debug|Any CPU
		Release|Any CPU = Release|Any CPU
	EndGlobalSection
	GlobalSection(ProjectConfigurationPlatforms) = postSolution
		{D060A3AA-DC4D-4553-AD24-2F2DE0CEB71E}.Debug|Any CPU.ActiveCfg = Debug|Any CPU
		{D060A3AA-DC4D-4553-AD24-2F2DE0CEB71E}.Debug|Any CPU.Build.0 = Debug|Any CPU
		{D060A3AA-DC4D-4553-AD24-2F2DE0CEB71E}.Release|Any CPU.ActiveCfg = Release|Any CPU
		{D060A3AA-DC4D-4553-AD24-2F2DE0CEB71E}.Release|Any CPU.Build.0 = Release|Any CPU
	EndGlobalSection
	GlobalSection(SolutionProperties) = preSolution
		HideSolutionNode = FALSE
	EndGlobalSection
	GlobalSection(ExtensibilityGlobals) = postSolution
		SolutionGuid = {F8D75EF4-8F1C-4CC2-9F81-FA7081AD8AEB}
	EndGlobalSection
EndGlobal
